
Microsoft Visual Studio Solution File, Format Version 12.00
# Visual Studio Version 18
VisualStudioVersion = 18.4.11605.240 stable
MinimumVisualStudioVersion = 10.0.40219.1
Project("{FAE04EC0-301F-11D3-BF4B-00C04F79EFBC}") = "Brainfuck_interpretator", "Brainfuck_interpretator.csproj", "{13C47157-B8B7-4392-86FC-00AC0DCF5760}"
EndProject
Project("{FAE04EC0-301F-11D3-BF4B-00C04F79EFBC}") = "BrainTest", "..\BrainTest\BrainTest.csproj", "{CDC18CB3-CFD0-424C-8A11-E28BAF701530}"
EndProject
Global
	GlobalSection(SolutionConfigurationPlatforms) = preSolution
		Debug|Any CPU = Debug|Any CPU
		Release|Any CPU = Release|Any CPU
	EndGlobalSection
	GlobalSection(ProjectConfigurationPlatforms) = postSolution
		{13C47157-B8B7-4392-86FC-00AC0DCF5760}.Debug|Any CPU.ActiveCfg = Debug|Any CPU
		{13C47157-B8B7-4392-86FC-00AC0DCF5760}.Debug|Any CPU.Build.0 = Debug|Any CPU
		{13C47157-B8B7-4392-86FC-00AC0DCF5760}.Release|Any CPU.ActiveCfg = Release|Any CPU
		{13C47157-B8B7-4392-86FC-00AC0DCF5760}.Release|Any CPU.Build.0 = Release|Any CPU
		{CDC18CB3-CFD0-424C-8A11-E28BAF701530}.Debug|Any CPU.ActiveCfg = Debug|Any CPU
		{CDC18CB3-CFD0-424C-8A11-E28BAF701530}.Debug|Any CPU.Build.0 = Debug|Any CPU
		{CDC18CB3-CFD0-424C-8A11-E28BAF701530}.Release|Any CPU.ActiveCfg = Release|Any CPU
		{CDC18CB3-CFD0-424C-8A11-E28BAF701530}.Release|Any CPU.Build.0 = Release|Any CPU
	EndGlobalSection
	GlobalSection(SolutionProperties) = preSolution
		HideSolutionNode = FALSE
	EndGlobalSection
	GlobalSection(ExtensibilityGlobals) = postSolution
		SolutionGuid = {400DF88F-C7B3-4936-8762-2818D40B2F64}
	EndGlobalSection
EndGlobal
